{
  "name": "vuepress-blog",
  "version": "1.0.0",
  "lockfileVersion": 1,
  "requires": true,
  "dependencies": {
    "@fortawesome/fontawesome-common-types": {
      "version": "0.2.19",
      "resolved": "https://registry.npmjs.org/@fortawesome/fontawesome-common-types/-/fontawesome-common-types-0.2.19.tgz",
      "integrity": "sha512-nd2Ul/CUs8U9sjofQYAALzOGpgkVJQgEhIJnOHaoyVR/LeC3x2mVg4eB910a4kS6WgLPebAY0M2fApEI497raQ=="
    },
    "@fortawesome/fontawesome-svg-core": {
      "version": "1.2.19",
      "resolved": "https://registry.npmjs.org/@fortawesome/fontawesome-svg-core/-/fontawesome-svg-core-1.2.19.tgz",
      "integrity": "sha512-D4ICXg9oU08eF9o7Or392gPpjmwwgJu8ecCFusthbID95CLVXOgIyd4mOKD9Nud5Ckz+Ty59pqkNtThDKR0erA==",
      "requires": {
        "@fortawesome/fontawesome-common-types": "^0.2.19"
      }
    },
    "@fortawesome/free-solid-svg-icons": {
      "version": "5.9.0",
      "resolved": "https://registry.npmjs.org/@fortawesome/free-solid-svg-icons/-/free-solid-svg-icons-5.9.0.tgz",
      "integrity": "sha512-U8YXPfWcSozsCW0psCtlRGKjjRs5+Am5JJwLOUmVHFZbIEWzaz4YbP84EoPwUsVmSAKrisu3QeNcVOtmGml0Xw==",
      "requires": {
        "@fortawesome/fontawesome-common-types": "^0.2.19"
      }
    },
    "@fortawesome/vue-fontawesome": {
      "version": "0.1.6",
      "resolved": "https://registry.npmjs.org/@fortawesome/vue-fontawesome/-/vue-fontawesome-0.1.6.tgz",
      "integrity": "sha512-HAGRbrOuGDwwUmCYdpzR0hhNQ3EE30dOS4JiJKcoZ+S4M210CxyU0OXCgzIg3HzK/23rlpHbV8zi9PDDZDnuIw=="
    },
    "@vuepress/plugin-google-analytics": {
      "version": "1.0.2",
      "resolved": "https://registry.npmjs.org/@vuepress/plugin-google-analytics/-/plugin-google-analytics-1.0.2.tgz",
      "integrity": "sha512-NdU18hTBW4TkNK80dgpPu4yq/smNkIUZi9gL5hCiuW43BnXFA7WFfhGcvZJ61+keNDr6gw9UIv4HQuFFPoRXQA=="
    },
    "array-flatten": {
      "version": "2.1.2",
      "resolved": "https://registry.npmjs.org/array-flatten/-/array-flatten-2.1.2.tgz",
      "integrity": "sha512-hNfzcOV8W4NdualtqBFPyVO+54DSJuZGY9qT4pRroB6S9e3iiido2ISIC5h9R2sPJ8H3FHCIiEnsv1lPXO3KtQ=="
    },
    "deconstruct-merge": {
      "version": "1.1.0",
      "resolved": "https://registry.npmjs.org/deconstruct-merge/-/deconstruct-merge-1.1.0.tgz",
      "integrity": "sha512-o0RFi4YhLf+FJKQ2ly7iDePl9WtdY+RJIPd0wEDlMlK0wTxfywS9DxYQeei8N4qqHKoy8Idp4UXPtXFIVn0PrA==",
      "requires": {
        "array-flatten": "^2.1.2"
      }
    },
    "esm": {
      "version": "3.2.25",
      "resolved": "https://registry.npmjs.org/esm/-/esm-3.2.25.tgz",
      "integrity": "sha512-U1suiZ2oDVWv4zPO56S0NcR5QriEahGtdN2OR6FiOG4WJvcjBVFB0qI4+eKoWFH483PKGuLuu6V8Z4T5g63UVA=="
    },
    "lru-cache": {
      "version": "5.1.1",
      "resolved": "https://registry.npmjs.org/lru-cache/-/lru-cache-5.1.1.tgz",
      "integrity": "sha512-KpNARQA3Iwv+jTA0utUVVbrh+Jlrr1Fv0e56GGzAFOXN7dk/FviaDW8LHmK52DlcH4WP2n6gI8vN1aesBFgo9w==",
      "requires": {
        "yallist": "^3.0.2"
      }
    },
    "mathjax3": {
      "version": "3.0.0-beta.3",
      "resolved": "https://registry.npmjs.org/mathjax3/-/mathjax3-3.0.0-beta.3.tgz",
      "integrity": "sha512-MgXK56KOLk5b8/Y01RXB/C0+QgC2Kc+SJmKBilP+Jwxout/4SdV8AjsPp+WMzlotnAacQWFpn24CPdLkdej9AA==",
      "requires": {
        "esm": "^3.0.34"
      }
    },
    "vuepress-mergeable": {
      "version": "1.0.2",
      "resolved": "https://registry.npmjs.org/vuepress-mergeable/-/vuepress-mergeable-1.0.2.tgz",
      "integrity": "sha512-yzOzt7E5K2hl55Qx0CRlsj/rf0Zn70oHY/sqFmmQccriJ43k+7nsgIdS2t02V7CO+EC86lG0yqNeBRQR/o9Dww==",
      "requires": {
        "deconstruct-merge": "^1.1.0"
      }
    },
    "vuepress-plugin-mathjax": {
      "version": "1.2.8",
      "resolved": "https://registry.npmjs.org/vuepress-plugin-mathjax/-/vuepress-plugin-mathjax-1.2.8.tgz",
      "integrity": "sha512-vtRyDsBviQJfMgHhjzsVY+Rnr4HyEnUCgCKof5FV2ZG+mVe+YECfhVAe1Zo24XkkYjS/FBMFLn/sz4s0p5iuuQ==",
      "requires": {
        "lru-cache": "^5.1.1",
        "mathjax3": "3.0.0-beta.3",
        "vuepress-mergeable": "^1.0.2"
      }
    },
    "yallist": {
      "version": "3.0.3",
      "resolved": "https://registry.npmjs.org/yallist/-/yallist-3.0.3.tgz",
      "integrity": "sha512-S+Zk8DEWE6oKpV+vI3qWkaK+jSbIK86pCwe2IF/xwIpQ8jEuxpw9NyaGjmp9+BoJv5FV2piqCDcoCtStppiq2A=="
    }
  }
}
